
Microsoft Visual Studio Solution File, Format Version 11.00
# Visual Studio 2010
Project("{FAE04EC0-301F-11D3-BF4B-00C04F79EFBC}") = "Project Particula 17.11.28", "Assembly-CSharp.csproj", "{0E58E1CA-6FF7-8D37-ED8C-30E270D82497}"
EndProject
Project("{FAE04EC0-301F-11D3-BF4B-00C04F79EFBC}") = "Project Particula 17.11.28", "Assembly-CSharp-Editor.csproj", "{F032E0C7-BB32-F9BF-D272-C7C30890F974}"
EndProject
Global
	GlobalSection(SolutionConfigurationPlatforms) = preSolution
		Debug|Any CPU = Debug|Any CPU
		Release|Any CPU = Release|Any CPU
	EndGlobalSection
	GlobalSection(ProjectConfigurationPlatforms) = postSolution
		{0E58E1CA-6FF7-8D37-ED8C-30E270D82497}.Debug|Any CPU.ActiveCfg = Debug|Any CPU
		{0E58E1CA-6FF7-8D37-ED8C-30E270D82497}.Debug|Any CPU.Build.0 = Debug|Any CPU
		{0E58E1CA-6FF7-8D37-ED8C-30E270D82497}.Release|Any CPU.ActiveCfg = Release|Any CPU
		{0E58E1CA-6FF7-8D37-ED8C-30E270D82497}.Release|Any CPU.Build.0 = Release|Any CPU
		{F032E0C7-BB32-F9BF-D272-C7C30890F974}.Debug|Any CPU.ActiveCfg = Debug|Any CPU
		{F032E0C7-BB32-F9BF-D272-C7C30890F974}.Debug|Any CPU.Build.0 = Debug|Any CPU
		{F032E0C7-BB32-F9BF-D272-C7C30890F974}.Release|Any CPU.ActiveCfg = Release|Any CPU
		{F032E0C7-BB32-F9BF-D272-C7C30890F974}.Release|Any CPU.Build.0 = Release|Any CPU
	EndGlobalSection
	GlobalSection(SolutionProperties) = preSolution
		HideSolutionNode = FALSE
	EndGlobalSection
	GlobalSection(MonoDevelopProperties) = preSolution
		StartupItem = Assembly-CSharp.csproj
	EndGlobalSection
EndGlobal
