
Microsoft Visual Studio Solution File, Format Version 12.00
# Visual Studio 2015
Project("{FAE04EC0-301F-11D3-BF4B-00C04F79EFBC}") = "Project Particula 16.09.05.CSharp", "Project Particula 16.09.05.CSharp.csproj", "{55FE05B8-9CEB-3BC6-338A-DD0391AC10D6}"
EndProject
Project("{FAE04EC0-301F-11D3-BF4B-00C04F79EFBC}") = "Project Particula 16.09.05.CSharp.Editor", "Project Particula 16.09.05.CSharp.Editor.csproj", "{FE2A1C84-5804-08FD-6B30-16DCFE85296C}"
EndProject
Global
	GlobalSection(SolutionConfigurationPlatforms) = preSolution
		Debug|Any CPU = Debug|Any CPU
		Release|Any CPU = Release|Any CPU
	EndGlobalSection
	GlobalSection(ProjectConfigurationPlatforms) = postSolution
		{55FE05B8-9CEB-3BC6-338A-DD0391AC10D6}.Debug|Any CPU.ActiveCfg = Debug|Any CPU
		{55FE05B8-9CEB-3BC6-338A-DD0391AC10D6}.Debug|Any CPU.Build.0 = Debug|Any CPU
		{55FE05B8-9CEB-3BC6-338A-DD0391AC10D6}.Release|Any CPU.ActiveCfg = Release|Any CPU
		{55FE05B8-9CEB-3BC6-338A-DD0391AC10D6}.Release|Any CPU.Build.0 = Release|Any CPU
		{FE2A1C84-5804-08FD-6B30-16DCFE85296C}.Debug|Any CPU.ActiveCfg = Debug|Any CPU
		{FE2A1C84-5804-08FD-6B30-16DCFE85296C}.Debug|Any CPU.Build.0 = Debug|Any CPU
		{FE2A1C84-5804-08FD-6B30-16DCFE85296C}.Release|Any CPU.ActiveCfg = Release|Any CPU
		{FE2A1C84-5804-08FD-6B30-16DCFE85296C}.Release|Any CPU.Build.0 = Release|Any CPU
	EndGlobalSection
	GlobalSection(SolutionProperties) = preSolution
		HideSolutionNode = FALSE
	EndGlobalSection
EndGlobal
