
Microsoft Visual Studio Solution File, Format Version 12.00
# Visual Studio 2017
Project("{FAE04EC0-301F-11D3-BF4B-00C04F79EFBC}") = "Project Particula 17.11.30", "Project Particula 17.11.30.csproj", "{F08A135F-3449-FFED-E123-8A4EA2950D75}"
EndProject
Project("{FAE04EC0-301F-11D3-BF4B-00C04F79EFBC}") = "Project Particula 17.11.30.Editor", "Project Particula 17.11.30.Editor.csproj", "{883997B7-0B9A-61B0-570A-8437AAF9A826}"
EndProject
Global
	GlobalSection(SolutionConfigurationPlatforms) = preSolution
		Debug|Any CPU = Debug|Any CPU
		Release|Any CPU = Release|Any CPU
	EndGlobalSection
	GlobalSection(ProjectConfigurationPlatforms) = postSolution
		{F08A135F-3449-FFED-E123-8A4EA2950D75}.Debug|Any CPU.ActiveCfg = Debug|Any CPU
		{F08A135F-3449-FFED-E123-8A4EA2950D75}.Debug|Any CPU.Build.0 = Debug|Any CPU
		{F08A135F-3449-FFED-E123-8A4EA2950D75}.Release|Any CPU.ActiveCfg = Release|Any CPU
		{F08A135F-3449-FFED-E123-8A4EA2950D75}.Release|Any CPU.Build.0 = Release|Any CPU
		{883997B7-0B9A-61B0-570A-8437AAF9A826}.Debug|Any CPU.ActiveCfg = Debug|Any CPU
		{883997B7-0B9A-61B0-570A-8437AAF9A826}.Debug|Any CPU.Build.0 = Debug|Any CPU
		{883997B7-0B9A-61B0-570A-8437AAF9A826}.Release|Any CPU.ActiveCfg = Release|Any CPU
		{883997B7-0B9A-61B0-570A-8437AAF9A826}.Release|Any CPU.Build.0 = Release|Any CPU
	EndGlobalSection
	GlobalSection(SolutionProperties) = preSolution
		HideSolutionNode = FALSE
	EndGlobalSection
EndGlobal
