
Microsoft Visual Studio Solution File, Format Version 11.00
# Visual Studio 2010
Project("{FAE04EC0-301F-11D3-BF4B-00C04F79EFBC}") = "Project Particula 17.07.13", "Assembly-CSharp.csproj", "{8F525781-5E31-8CF3-AD2B-9AB13C680525}"
EndProject
Project("{FAE04EC0-301F-11D3-BF4B-00C04F79EFBC}") = "Project Particula 17.07.13", "Assembly-CSharp-Editor.csproj", "{A3EE35F2-7E5C-26FC-19E2-EB1994CFAFB6}"
EndProject
Global
	GlobalSection(SolutionConfigurationPlatforms) = preSolution
		Debug|Any CPU = Debug|Any CPU
		Release|Any CPU = Release|Any CPU
	EndGlobalSection
	GlobalSection(ProjectConfigurationPlatforms) = postSolution
		{8F525781-5E31-8CF3-AD2B-9AB13C680525}.Debug|Any CPU.ActiveCfg = Debug|Any CPU
		{8F525781-5E31-8CF3-AD2B-9AB13C680525}.Debug|Any CPU.Build.0 = Debug|Any CPU
		{8F525781-5E31-8CF3-AD2B-9AB13C680525}.Release|Any CPU.ActiveCfg = Release|Any CPU
		{8F525781-5E31-8CF3-AD2B-9AB13C680525}.Release|Any CPU.Build.0 = Release|Any CPU
		{A3EE35F2-7E5C-26FC-19E2-EB1994CFAFB6}.Debug|Any CPU.ActiveCfg = Debug|Any CPU
		{A3EE35F2-7E5C-26FC-19E2-EB1994CFAFB6}.Debug|Any CPU.Build.0 = Debug|Any CPU
		{A3EE35F2-7E5C-26FC-19E2-EB1994CFAFB6}.Release|Any CPU.ActiveCfg = Release|Any CPU
		{A3EE35F2-7E5C-26FC-19E2-EB1994CFAFB6}.Release|Any CPU.Build.0 = Release|Any CPU
	EndGlobalSection
	GlobalSection(SolutionProperties) = preSolution
		HideSolutionNode = FALSE
	EndGlobalSection
	GlobalSection(MonoDevelopProperties) = preSolution
		StartupItem = Assembly-CSharp.csproj
	EndGlobalSection
EndGlobal
