
Microsoft Visual Studio Solution File, Format Version 12.00
# Visual Studio 2015
Project("{FAE04EC0-301F-11D3-BF4B-00C04F79EFBC}") = "Project Particula 16.07.29.CSharp", "Project Particula 16.07.29.CSharp.csproj", "{1CE5B889-3682-B6C8-BF5D-B9C2BEECBB3C}"
EndProject
Project("{FAE04EC0-301F-11D3-BF4B-00C04F79EFBC}") = "Project Particula 16.07.29.CSharp.Editor", "Project Particula 16.07.29.CSharp.Editor.csproj", "{9712DC8C-B6CC-F18A-4E88-6B96271AE207}"
EndProject
Global
	GlobalSection(SolutionConfigurationPlatforms) = preSolution
		Debug|Any CPU = Debug|Any CPU
		Release|Any CPU = Release|Any CPU
	EndGlobalSection
	GlobalSection(ProjectConfigurationPlatforms) = postSolution
		{1CE5B889-3682-B6C8-BF5D-B9C2BEECBB3C}.Debug|Any CPU.ActiveCfg = Debug|Any CPU
		{1CE5B889-3682-B6C8-BF5D-B9C2BEECBB3C}.Debug|Any CPU.Build.0 = Debug|Any CPU
		{1CE5B889-3682-B6C8-BF5D-B9C2BEECBB3C}.Release|Any CPU.ActiveCfg = Release|Any CPU
		{1CE5B889-3682-B6C8-BF5D-B9C2BEECBB3C}.Release|Any CPU.Build.0 = Release|Any CPU
		{9712DC8C-B6CC-F18A-4E88-6B96271AE207}.Debug|Any CPU.ActiveCfg = Debug|Any CPU
		{9712DC8C-B6CC-F18A-4E88-6B96271AE207}.Debug|Any CPU.Build.0 = Debug|Any CPU
		{9712DC8C-B6CC-F18A-4E88-6B96271AE207}.Release|Any CPU.ActiveCfg = Release|Any CPU
		{9712DC8C-B6CC-F18A-4E88-6B96271AE207}.Release|Any CPU.Build.0 = Release|Any CPU
	EndGlobalSection
	GlobalSection(SolutionProperties) = preSolution
		HideSolutionNode = FALSE
	EndGlobalSection
EndGlobal
