
Microsoft Visual Studio Solution File, Format Version 12.00
# Visual Studio 2015
Project("{FAE04EC0-301F-11D3-BF4B-00C04F79EFBC}") = "Project Particula 16.07.28.CSharp", "Project Particula 16.07.28.CSharp.csproj", "{8B831E48-A9B5-8C70-8EB5-60BD0D0016CA}"
EndProject
Global
	GlobalSection(SolutionConfigurationPlatforms) = preSolution
		Debug|Any CPU = Debug|Any CPU
		Release|Any CPU = Release|Any CPU
	EndGlobalSection
	GlobalSection(ProjectConfigurationPlatforms) = postSolution
		{8B831E48-A9B5-8C70-8EB5-60BD0D0016CA}.Debug|Any CPU.ActiveCfg = Debug|Any CPU
		{8B831E48-A9B5-8C70-8EB5-60BD0D0016CA}.Debug|Any CPU.Build.0 = Debug|Any CPU
		{8B831E48-A9B5-8C70-8EB5-60BD0D0016CA}.Release|Any CPU.ActiveCfg = Release|Any CPU
		{8B831E48-A9B5-8C70-8EB5-60BD0D0016CA}.Release|Any CPU.Build.0 = Release|Any CPU
	EndGlobalSection
	GlobalSection(SolutionProperties) = preSolution
		HideSolutionNode = FALSE
	EndGlobalSection
EndGlobal
