
Microsoft Visual Studio Solution File, Format Version 12.00
# Visual Studio 15
Project("{FAE04EC0-301F-11D3-BF4B-00C04F79EFBC}") = "Source Code", "Source Code.csproj", "{B82E409B-3A92-A410-95DB-246064CC98DB}"
EndProject
Project("{FAE04EC0-301F-11D3-BF4B-00C04F79EFBC}") = "Source Code.Editor", "Source Code.Editor.csproj", "{53017736-B929-24BE-68B6-58B3FC1F11DC}"
EndProject
Global
	GlobalSection(SolutionConfigurationPlatforms) = preSolution
		Debug|Any CPU = Debug|Any CPU
		Release|Any CPU = Release|Any CPU
	EndGlobalSection
	GlobalSection(ProjectConfigurationPlatforms) = postSolution
		{B82E409B-3A92-A410-95DB-246064CC98DB}.Debug|Any CPU.ActiveCfg = Debug|Any CPU
		{B82E409B-3A92-A410-95DB-246064CC98DB}.Debug|Any CPU.Build.0 = Debug|Any CPU
		{B82E409B-3A92-A410-95DB-246064CC98DB}.Release|Any CPU.ActiveCfg = Release|Any CPU
		{B82E409B-3A92-A410-95DB-246064CC98DB}.Release|Any CPU.Build.0 = Release|Any CPU
		{53017736-B929-24BE-68B6-58B3FC1F11DC}.Debug|Any CPU.ActiveCfg = Debug|Any CPU
		{53017736-B929-24BE-68B6-58B3FC1F11DC}.Debug|Any CPU.Build.0 = Debug|Any CPU
		{53017736-B929-24BE-68B6-58B3FC1F11DC}.Release|Any CPU.ActiveCfg = Release|Any CPU
		{53017736-B929-24BE-68B6-58B3FC1F11DC}.Release|Any CPU.Build.0 = Release|Any CPU
	EndGlobalSection
	GlobalSection(SolutionProperties) = preSolution
		HideSolutionNode = FALSE
	EndGlobalSection
EndGlobal
